
Microsoft Visual Studio Solution File, Format Version 12.00
# Visual Studio Version 16
VisualStudioVersion = 16.0.29326.143
MinimumVisualStudioVersion = 10.0.40219.1
Project("{FAE04EC0-301F-11D3-BF4B-00C04F79EFBC}") = "MapachePartyServer", "MapachePartyServer\MapachePartyServer.csproj", "{9463FA5B-FB18-460B-8E53-5352304EEDCE}"
EndProject
Global
	GlobalSection(SolutionConfigurationPlatforms) = preSolution
		Debug|Any CPU = Debug|Any CPU
		Release|Any CPU = Release|Any CPU
	EndGlobalSection
	GlobalSection(ProjectConfigurationPlatforms) = postSolution
		{9463FA5B-FB18-460B-8E53-5352304EEDCE}.Debug|Any CPU.ActiveCfg = Debug|Any CPU
		{9463FA5B-FB18-460B-8E53-5352304EEDCE}.Debug|Any CPU.Build.0 = Debug|Any CPU
		{9463FA5B-FB18-460B-8E53-5352304EEDCE}.Release|Any CPU.ActiveCfg = Release|Any CPU
		{9463FA5B-FB18-460B-8E53-5352304EEDCE}.Release|Any CPU.Build.0 = Release|Any CPU
	EndGlobalSection
	GlobalSection(SolutionProperties) = preSolution
		HideSolutionNode = FALSE
	EndGlobalSection
	GlobalSection(ExtensibilityGlobals) = postSolution
		SolutionGuid = {34D46780-DF2F-4183-B2D6-91DBAF70AE9E}
	EndGlobalSection
EndGlobal
